
Microsoft Visual Studio Solution File, Format Version 12.00
# Visual Studio Version 17
VisualStudioVersion = 17.14.36705.20 d17.14
MinimumVisualStudioVersion = 10.0.40219.1
Project("{FAE04EC0-301F-11D3-BF4B-00C04F79EFBC}") = "KaufAuto", "KaufAuto\KaufAuto.csproj", "{D728D1B3-8EC1-4453-8879-DE1FC3DD34D3}"
EndProject
Global
	GlobalSection(SolutionConfigurationPlatforms) = preSolution
		Debug|Any CPU = Debug|Any CPU
		Release|Any CPU = Release|Any CPU
	EndGlobalSection
	GlobalSection(ProjectConfigurationPlatforms) = postSolution
		{D728D1B3-8EC1-4453-8879-DE1FC3DD34D3}.Debug|Any CPU.ActiveCfg = Debug|Any CPU
		{D728D1B3-8EC1-4453-8879-DE1FC3DD34D3}.Debug|Any CPU.Build.0 = Debug|Any CPU
		{D728D1B3-8EC1-4453-8879-DE1FC3DD34D3}.Release|Any CPU.ActiveCfg = Release|Any CPU
		{D728D1B3-8EC1-4453-8879-DE1FC3DD34D3}.Release|Any CPU.Build.0 = Release|Any CPU
	EndGlobalSection
	GlobalSection(SolutionProperties) = preSolution
		HideSolutionNode = FALSE
	EndGlobalSection
	GlobalSection(ExtensibilityGlobals) = postSolution
		SolutionGuid = {4BF291F7-F548-4026-A80A-3968DF114851}
	EndGlobalSection
EndGlobal
